
Microsoft Visual Studio Solution File, Format Version 12.00
# Visual Studio Version 17
VisualStudioVersion = 17.7.34221.43
MinimumVisualStudioVersion = 10.0.40219.1
Project("{FAE04EC0-301F-11D3-BF4B-00C04F79EFBC}") = "Facturacion", "Facturacion\Facturacion.csproj", "{5966CC13-7806-4DCD-8880-BE62E623923D}"
EndProject
Project("{FAE04EC0-301F-11D3-BF4B-00C04F79EFBC}") = "TestSistemaDeFacturacion", "TestSistemaDeFacturacion\TestSistemaDeFacturacion.csproj", "{3A43E35B-4EE1-48F3-BB46-163C911374A3}"
EndProject
Global
	GlobalSection(SolutionConfigurationPlatforms) = preSolution
		Debug|Any CPU = Debug|Any CPU
		Debug|x64 = Debug|x64
		Release|Any CPU = Release|Any CPU
		Release|x64 = Release|x64
	EndGlobalSection
	GlobalSection(ProjectConfigurationPlatforms) = postSolution
		{5966CC13-7806-4DCD-8880-BE62E623923D}.Debug|Any CPU.ActiveCfg = Debug|Any CPU
		{5966CC13-7806-4DCD-8880-BE62E623923D}.Debug|Any CPU.Build.0 = Debug|Any CPU
		{5966CC13-7806-4DCD-8880-BE62E623923D}.Debug|x64.ActiveCfg = Debug|x64
		{5966CC13-7806-4DCD-8880-BE62E623923D}.Debug|x64.Build.0 = Debug|x64
		{5966CC13-7806-4DCD-8880-BE62E623923D}.Release|Any CPU.ActiveCfg = Release|Any CPU
		{5966CC13-7806-4DCD-8880-BE62E623923D}.Release|Any CPU.Build.0 = Release|Any CPU
		{5966CC13-7806-4DCD-8880-BE62E623923D}.Release|x64.ActiveCfg = Release|x64
		{5966CC13-7806-4DCD-8880-BE62E623923D}.Release|x64.Build.0 = Release|x64
		{3A43E35B-4EE1-48F3-BB46-163C911374A3}.Debug|Any CPU.ActiveCfg = Debug|Any CPU
		{3A43E35B-4EE1-48F3-BB46-163C911374A3}.Debug|Any CPU.Build.0 = Debug|Any CPU
		{3A43E35B-4EE1-48F3-BB46-163C911374A3}.Debug|x64.ActiveCfg = Debug|Any CPU
		{3A43E35B-4EE1-48F3-BB46-163C911374A3}.Debug|x64.Build.0 = Debug|Any CPU
		{3A43E35B-4EE1-48F3-BB46-163C911374A3}.Release|Any CPU.ActiveCfg = Release|Any CPU
		{3A43E35B-4EE1-48F3-BB46-163C911374A3}.Release|Any CPU.Build.0 = Release|Any CPU
		{3A43E35B-4EE1-48F3-BB46-163C911374A3}.Release|x64.ActiveCfg = Release|Any CPU
		{3A43E35B-4EE1-48F3-BB46-163C911374A3}.Release|x64.Build.0 = Release|Any CPU
	EndGlobalSection
	GlobalSection(SolutionProperties) = preSolution
		HideSolutionNode = FALSE
	EndGlobalSection
	GlobalSection(ExtensibilityGlobals) = postSolution
		SolutionGuid = {C60867FB-112F-4434-8B4D-910521AD511C}
	EndGlobalSection
EndGlobal
